# This file is automatically @generated by Poetry 1.5.1 and should not be changed by hand.

[[package]]
name = "typst"
version = "0.12.2"
description = "Python binding to typst"
optional = false
python-versions = ">=3.8"
files = [
    {file = "typst-0.12.2-cp313-cp313t-macosx_10_12_x86_64.whl", hash = "sha256:b126ac11e6886997d980203aa4f1cb5804d9a0268ac92f520f966bad250dec88"},
    {file = "typst-0.12.2-cp313-cp313t-macosx_11_0_arm64.whl", hash = "sha256:514a8083e38cefdc78a12b2273e5659496c04dfa0cba440ff9dbe88ef0b2d808"},
    {file = "typst-0.12.2-cp313-cp313t-manylinux_2_17_aarch64.manylinux2014_aarch64.whl", hash = "sha256:6914e6ae3e54ee8b1ed80b494e2b812d782a43470ff6528b44cfbe19ef84ab62"},
    {file = "typst-0.12.2-cp313-cp313t-manylinux_2_17_armv7l.manylinux2014_armv7l.whl", hash = "sha256:6345fb4212d2eceb8197a6dc48405c8282fce4483265fc47455fd9255336dbef"},
    {file = "typst-0.12.2-cp313-cp313t-manylinux_2_17_ppc64le.manylinux2014_ppc64le.whl", hash = "sha256:1d3067643ec0a823bf099c45662f36e7dcf26d9e148d38aeb652d10632d51bf4"},
    {file = "typst-0.12.2-cp313-cp313t-manylinux_2_17_s390x.manylinux2014_s390x.whl", hash = "sha256:c8a4db8ccbb2aad3760fdb90070a1f752483a4351b0947d37588fef920167ac3"},
    {file = "typst-0.12.2-cp313-cp313t-manylinux_2_17_x86_64.manylinux2014_x86_64.whl", hash = "sha256:5c0d5a13b29e2f706fdd3c5f64ad7d462681b0fd241ab7e7f6216f91ee0ee09f"},
    {file = "typst-0.12.2-cp313-cp313t-win_amd64.whl", hash = "sha256:81aaeec57314be32a79f284aa822e7739d23fd019b1f128f78ae872c98491257"},
    {file = "typst-0.12.2-cp38-abi3-macosx_10_12_x86_64.whl", hash = "sha256:eca5b06059fea3ef679fc3640632c7ea64986ae427e5018fa269e569357620f6"},
    {file = "typst-0.12.2-cp38-abi3-macosx_11_0_arm64.whl", hash = "sha256:c067b031d998731fb15f3a695d9dd42b13df11f8013a4d793e1afa9167e5779f"},
    {file = "typst-0.12.2-cp38-abi3-manylinux_2_17_aarch64.manylinux2014_aarch64.whl", hash = "sha256:283938c6adfbc05c27477d4a5212ad89ec59c5061f602add6b1680eac096ed00"},
    {file = "typst-0.12.2-cp38-abi3-manylinux_2_17_armv7l.manylinux2014_armv7l.whl", hash = "sha256:43fb242e5359976ced3009fec4000a49b334da708feaed776be1538ec76f1da8"},
    {file = "typst-0.12.2-cp38-abi3-manylinux_2_17_ppc64le.manylinux2014_ppc64le.whl", hash = "sha256:aee4b52ee3a56136ba500aaea6b67d47ec632c72e5c1baebc1c4c2b545bacd0e"},
    {file = "typst-0.12.2-cp38-abi3-manylinux_2_17_s390x.manylinux2014_s390x.whl", hash = "sha256:3a25bbf487901542cab3141d3095ba4c4b32eed5c627a8e7be38c63f868b99bf"},
    {file = "typst-0.12.2-cp38-abi3-manylinux_2_17_x86_64.manylinux2014_x86_64.whl", hash = "sha256:c96aead4f98464ca8c6b5b3178805edcf1dff651c8d9fbe1bf7a3368f4f3c821"},
    {file = "typst-0.12.2-cp38-abi3-win_amd64.whl", hash = "sha256:02b9237dfb59d5ba018b59617b9008df6634ffff06518202b39952b443ef526a"},
    {file = "typst-0.12.2.tar.gz", hash = "sha256:9d179be82812f8eef804ccca3b6c8460cbf3fbdb4063f12a7a5067b020bad12e"},
]

[metadata]
lock-version = "2.0"
python-versions = "^3.10"
content-hash = "03aa593c27f0c1f8c869f55a9a6e0cfc90b8ec6c94890c348abb8d8ff2c80766"
